// !$*UTF8*$!
{
  archiveVersion = 1;
  classes = {
  };
  objectVersion = 54;
  objects = {

/* Begin PBXBuildFile section */
    A1B2C3D4E5F6G7H8I9J0 /* WebAppApp.swift in Sources */ = {isa = PBXBuildFile; fileRef = A11111111111111111111111 /* WebAppApp.swift */; };
    A2B3C4D5E6F7G8H9I0J1 /* ContentView.swift in Sources */ = {isa = PBXBuildFile; fileRef = A22222222222222222222222 /* ContentView.swift */; };
    A3B4C5D6E7F8G9H0I1J2 /* Info.plist in Resources */ = {isa = PBXBuildFile; fileRef = A33333333333333333333333 /* Info.plist */; };
/* End PBXBuildFile section */

/* Begin PBXFileReference section */
    A11111111111111111111111 /* WebAppApp.swift */ = {isa = PBXFileReference; lastKnownFileType = sourcecode.swift; name = WebAppApp.swift; path = WebAppApp.swift; sourceTree = "<group>"; };
    A22222222222222222222222 /* ContentView.swift */ = {isa = PBXFileReference; lastKnownFileType = sourcecode.swift; name = ContentView.swift; path = ContentView.swift; sourceTree = "<group>"; };
    A33333333333333333333333 /* Info.plist */ = {isa = PBXFileReference; lastKnownFileType = text.plist.xml; name = Info.plist; path = Info.plist; sourceTree = "<group>"; };
/* End PBXFileReference section */

/* Begin PBXSourcesBuildPhase section */
    B1C2D3E4F5G6H7I8J9K0 /* Sources */ = {
      isa = PBXSourcesBuildPhase;
      buildActionMask = 2147483647;
      files = (
        A1B2C3D4E5F6G7H8I9J0 /* WebAppApp.swift in Sources */,
        A2B3C4D5E6F7G8H9I0J1 /* ContentView.swift in Sources */,
      );
      runOnlyForDeploymentPostprocessing = 0;
    };
/* End PBXSourcesBuildPhase section */

/* Begin PBXResourcesBuildPhase section */
    C1D2E3F4G5H6I7J8K9L0 /* Resources */ = {
      isa = PBXResourcesBuildPhase;
      buildActionMask = 2147483647;
      files = (
        A3B4C5D6E7F8G9H0I1J2 /* Info.plist in Resources */,
      );
      runOnlyForDeploymentPostprocessing = 0;
    };
/* End PBXResourcesBuildPhase section */

/* Begin PBXGroup section */
    D1E2F3G4H5I6J7K8L9M0 = {
      isa = PBXGroup;
      children = (
        A11111111111111111111111 /* WebAppApp.swift */,
        A22222222222222222222222 /* ContentView.swift */,
        A33333333333333333333333 /* Info.plist */,
      );
      sourceTree = "<group>";
      name = WebApp;
    };
/* End PBXGroup section */

/* Begin PBXNativeTarget section */
    E1F2G3H4I5J6K7L8M9N0 = {
      isa = PBXNativeTarget;
      name = WebApp;
      buildPhases = (
        B1C2D3E4F5G6H7I8J9K0 /* Sources */,
        C1D2E3F4G5H6I7J8K9L0 /* Resources */,
      );
      buildRules = (
      );
      dependencies = (
      );
      productName = WebApp;
      productType = "com.apple.product-type.application";
      buildConfigurationList = G1H2I3J4K5L6M7N8O9P0;
    };
/* End PBXNativeTarget section */

/* Begin XCBuildConfiguration section */
    G1H2I3J4K5L6M7N8O9P1 /* Debug */ = {
      isa = XCBuildConfiguration;
      buildSettings = {
        PRODUCT_BUNDLE_IDENTIFIER = com.yourcompany.WebApp;
        INFOPLIST_FILE = Info.plist;
        SWIFT_VERSION = 5.0;
        SDKROOT = iphoneos;
      };
      name = Debug;
    };
    G1H2I3J4K5L6M7N8O9P2 /* Release */ = {
      isa = XCBuildConfiguration;
      buildSettings = {
        PRODUCT_BUNDLE_IDENTIFIER = com.yourcompany.WebApp;
        INFOPLIST_FILE = Info.plist;
        SWIFT_VERSION = 5.0;
        SDKROOT = iphoneos;
        STRIP_DEBUG_SYMBOLS = YES;
        ENABLE_NS_ASSERTIONS = NO;
      };
      name = Release;
    };
/* End XCBuildConfiguration section */

/* Begin XCConfigurationList section */
    G1H2I3J4K5L6M7N8O9P0 = {
      isa = XCConfigurationList;
      buildConfigurations = (
        G1H2I3J4K5L6M7N8O9P1 /* Debug */,
        G1H2I3J4K5L6M7N8O9P2 /* Release */,
      );
      defaultConfigurationIsVisible = 0;
      defaultConfigurationName = Release;
    };
/* End XCConfigurationList section */

/* Begin PBXProject section */
    F1G2H3I4J5K6L7M8N9O0 = {
      isa = PBXProject;
      attributes = {
        LastUpgradeCheck = 1540;
      };
      buildConfigurationList = G1H2I3J4K5L6M7N8O9P0;
      compatibilityVersion = "Xcode 14.0";
      developmentRegion = en;
      hasScannedForEncodings = 0;
      knownRegions = (
        en,
        Base,
      );
      mainGroup = D1E2F3G4H5I6J7K8L9M0;
      productRefGroup = D1E2F3G4H5I6J7K8L9M0;
      projectDirPath = "";
      projectRoot = "";
      targets = (
        E1F2G3H4I5J6K7L8M9N0,
      );
    };
/* End PBXProject section */

  };
  rootObject = F1G2H3I4J5K6L7M8N9O0;
}
